github.com/Aloct/DFV-Utils v0.0.0-20250418115401-c87ad5414685 h1:47DEQpj8HBSa+/TImW+5JCeuQeRkm5NMpJWZG3hSuFU=
github.com/Aloct/DFV-Utils v0.0.0-20250418115401-c87ad5414685/go.mod h1:kCJG3Ap+1hjhefNNgoRl8FYnGzQCu3zaauMp/PW+a08=
github.com/Aloct/DFV-Utils v0.0.0-20250424133425-424cb2c60b1e h1:8nnoVGwCq3G8S4MRHsmZ1DNY/EgZjDWfsJ8mp//tFkM=
github.com/Aloct/DFV-Utils v0.0.0-20250424133425-424cb2c60b1e/go.mod h1:kCJG3Ap+1hjhefNNgoRl8FYnGzQCu3zaauMp/PW+a08=
github.com/Aloct/DFV-Utils/dataHandling v0.0.0-20250424133425-424cb2c60b1e h1:wxSptVGDCqyzKE414a66vlDhBLgr+3BYBefm0Z7UP1I=
github.com/Aloct/DFV-Utils/dataHandling v0.0.0-20250424133425-424cb2c60b1e/go.mod h1:2ZNc9E8MLrlWOHQkxtBsAxXVzicG2ifTngWwanvDNm4=
github.com/Aloct/DFV-Utils/internAPIUtils v0.0.0-20250424133425-424cb2c60b1e h1:mfwLba1ebQuwxJYH2EvfxJqUobDszHtj7kxOok7LmF8=
github.com/Aloct/DFV-Utils/internAPIUtils v0.0.0-20250424133425-424cb2c60b1e/go.mod h1:ukaLLQfUCD4OpyeHkVcVi3Y/VReCFwK/c5jvMgtW27I=
github.com/awnumar/memcall v0.2.0 h1:sRaogqExTOOkkNwO9pzJsL8jrOV29UuUW7teRMfbqtI=
github.com/awnumar/memcall v0.2.0/go.mod h1:S911igBPR9CThzd/hYQQmTc9SWNu3ZHIlCGaWsWsoJo=
github.com/awnumar/memguard v0.22.5 h1:PH7sbUVERS5DdXh3+mLo8FDcl1eIeVjJVYMnyuYpvuI=
github.com/awnumar/memguard v0.22.5/go.mod h1:+APmZGThMBWjnMlKiSM1X7MVpbIVewen2MTkqWkA/zE=
golang.org/x/crypto v0.16.0 h1:mMMrFzRSCF0GvB7Ne27XVtVAaXLrPmgPC7/v0tkwHaY=
golang.org/x/crypto v0.16.0/go.mod h1:gCAAfMLgwOJRpTjQ2zCCt2OcSfYMTeZVSRtQlPC7Nq4=
golang.org/x/crypto v0.31.0/go.mod h1:kDsLvtWBEx7MV9tJOj9bnXsPbxwJQ6csT/x4KIN4Ssk=
golang.org/x/sys v0.0.0-20191001151750-bb3f8db39f24/go.mod h1:h1NjWce9XRLGQEsW7wpKNCjG9DtNlClVuFLEZdDNbEs=
golang.org/x/sys v0.15.0 h1:h48lPFYpsTvQJZF4EKyI4aLHaev3CxivZmv7yZig9pc=
golang.org/x/sys v0.15.0/go.mod h1:/VUhepiaJMQUp4+oa/7Zr1D23ma6VTLIYjOOTFZPUcA=
golang.org/x/sys v0.28.0/go.mod h1:/VUhepiaJMQUp4+oa/7Zr1D23ma6VTLIYjOOTFZPUcA=
